
Microsoft Visual Studio Solution File, Format Version 12.00
# Visual Studio Version 16
VisualStudioVersion = 16.0.30804.86
MinimumVisualStudioVersion = 10.0.40219.1
Project("{FAE04EC0-301F-11D3-BF4B-00C04F79EFBC}") = "NavarreteFausto", "NavarreteFausto\NavarreteFausto.csproj", "{23BC8C42-D9F1-4A54-B1F6-2EBF0A507507}"
EndProject
Project("{FAE04EC0-301F-11D3-BF4B-00C04F79EFBC}") = "FaustoNavarrete", "FaustoNavarrete\FaustoNavarrete.csproj", "{5ED7E844-95B8-45C8-8C19-0FE3BE1B9B6C}"
EndProject
Project("{FAE04EC0-301F-11D3-BF4B-00C04F79EFBC}") = "ConectarDatos", "ConectarDatos\ConectarDatos.csproj", "{1DFB2A06-5157-4EB6-A555-3261031C35DB}"
EndProject
Global
	GlobalSection(SolutionConfigurationPlatforms) = preSolution
		Debug|Any CPU = Debug|Any CPU
		Release|Any CPU = Release|Any CPU
	EndGlobalSection
	GlobalSection(ProjectConfigurationPlatforms) = postSolution
		{23BC8C42-D9F1-4A54-B1F6-2EBF0A507507}.Debug|Any CPU.ActiveCfg = Debug|Any CPU
		{23BC8C42-D9F1-4A54-B1F6-2EBF0A507507}.Debug|Any CPU.Build.0 = Debug|Any CPU
		{23BC8C42-D9F1-4A54-B1F6-2EBF0A507507}.Release|Any CPU.ActiveCfg = Release|Any CPU
		{23BC8C42-D9F1-4A54-B1F6-2EBF0A507507}.Release|Any CPU.Build.0 = Release|Any CPU
		{5ED7E844-95B8-45C8-8C19-0FE3BE1B9B6C}.Debug|Any CPU.ActiveCfg = Debug|Any CPU
		{5ED7E844-95B8-45C8-8C19-0FE3BE1B9B6C}.Debug|Any CPU.Build.0 = Debug|Any CPU
		{5ED7E844-95B8-45C8-8C19-0FE3BE1B9B6C}.Release|Any CPU.ActiveCfg = Release|Any CPU
		{5ED7E844-95B8-45C8-8C19-0FE3BE1B9B6C}.Release|Any CPU.Build.0 = Release|Any CPU
		{1DFB2A06-5157-4EB6-A555-3261031C35DB}.Debug|Any CPU.ActiveCfg = Debug|Any CPU
		{1DFB2A06-5157-4EB6-A555-3261031C35DB}.Debug|Any CPU.Build.0 = Debug|Any CPU
		{1DFB2A06-5157-4EB6-A555-3261031C35DB}.Release|Any CPU.ActiveCfg = Release|Any CPU
		{1DFB2A06-5157-4EB6-A555-3261031C35DB}.Release|Any CPU.Build.0 = Release|Any CPU
	EndGlobalSection
	GlobalSection(SolutionProperties) = preSolution
		HideSolutionNode = FALSE
	EndGlobalSection
	GlobalSection(ExtensibilityGlobals) = postSolution
		SolutionGuid = {01487FFC-5FA5-4012-B8CC-90D184F4F72D}
	EndGlobalSection
EndGlobal
